
Microsoft Visual Studio Solution File, Format Version 12.00
# Visual Studio 2013
VisualStudioVersion = 12.0.21005.1
MinimumVisualStudioVersion = 10.0.40219.1
Project("{FAE04EC0-301F-11D3-BF4B-00C04F79EFBC}") = "TennisGameKata2", "TennisGameKata2\TennisGameKata2.csproj", "{F5A342C0-0B4D-4160-A6C5-CB5B32BD8FDB}"
EndProject
Project("{FAE04EC0-301F-11D3-BF4B-00C04F79EFBC}") = "TennisGameKata2.Test", "TennisGameKata2.Test\TennisGameKata2.Test.csproj", "{9155D4E0-5638-44B4-A163-552EA1490011}"
EndProject
Project("{FAE04EC0-301F-11D3-BF4B-00C04F79EFBC}") = "TennisGameKata2.Model", "TennisGameKata2.Model\TennisGameKata2.Model.csproj", "{68269A6F-E348-4C7E-B29A-594E67D1D9F8}"
EndProject
Global
	GlobalSection(SolutionConfigurationPlatforms) = preSolution
		Debug|Any CPU = Debug|Any CPU
		Release|Any CPU = Release|Any CPU
	EndGlobalSection
	GlobalSection(ProjectConfigurationPlatforms) = postSolution
		{F5A342C0-0B4D-4160-A6C5-CB5B32BD8FDB}.Debug|Any CPU.ActiveCfg = Debug|Any CPU
		{F5A342C0-0B4D-4160-A6C5-CB5B32BD8FDB}.Debug|Any CPU.Build.0 = Debug|Any CPU
		{F5A342C0-0B4D-4160-A6C5-CB5B32BD8FDB}.Release|Any CPU.ActiveCfg = Release|Any CPU
		{F5A342C0-0B4D-4160-A6C5-CB5B32BD8FDB}.Release|Any CPU.Build.0 = Release|Any CPU
		{9155D4E0-5638-44B4-A163-552EA1490011}.Debug|Any CPU.ActiveCfg = Debug|Any CPU
		{9155D4E0-5638-44B4-A163-552EA1490011}.Debug|Any CPU.Build.0 = Debug|Any CPU
		{9155D4E0-5638-44B4-A163-552EA1490011}.Release|Any CPU.ActiveCfg = Release|Any CPU
		{9155D4E0-5638-44B4-A163-552EA1490011}.Release|Any CPU.Build.0 = Release|Any CPU
		{68269A6F-E348-4C7E-B29A-594E67D1D9F8}.Debug|Any CPU.ActiveCfg = Debug|Any CPU
		{68269A6F-E348-4C7E-B29A-594E67D1D9F8}.Debug|Any CPU.Build.0 = Debug|Any CPU
		{68269A6F-E348-4C7E-B29A-594E67D1D9F8}.Release|Any CPU.ActiveCfg = Release|Any CPU
		{68269A6F-E348-4C7E-B29A-594E67D1D9F8}.Release|Any CPU.Build.0 = Release|Any CPU
	EndGlobalSection
	GlobalSection(SolutionProperties) = preSolution
		HideSolutionNode = FALSE
	EndGlobalSection
EndGlobal
